
Microsoft Visual Studio Solution File, Format Version 12.00
# Visual Studio Version 16
VisualStudioVersion = 16.0.30621.155
MinimumVisualStudioVersion = 10.0.40219.1
Project("{FAE04EC0-301F-11D3-BF4B-00C04F79EFBC}") = "RendererApp", "RendererApp\RendererApp.csproj", "{9C58B671-8113-4669-9448-AA50D5E12F6B}"
EndProject
Global
	GlobalSection(SolutionConfigurationPlatforms) = preSolution
		Debug|Any CPU = Debug|Any CPU
		Release|Any CPU = Release|Any CPU
	EndGlobalSection
	GlobalSection(ProjectConfigurationPlatforms) = postSolution
		{9C58B671-8113-4669-9448-AA50D5E12F6B}.Debug|Any CPU.ActiveCfg = Debug|Any CPU
		{9C58B671-8113-4669-9448-AA50D5E12F6B}.Debug|Any CPU.Build.0 = Debug|Any CPU
		{9C58B671-8113-4669-9448-AA50D5E12F6B}.Release|Any CPU.ActiveCfg = Release|Any CPU
		{9C58B671-8113-4669-9448-AA50D5E12F6B}.Release|Any CPU.Build.0 = Release|Any CPU
	EndGlobalSection
	GlobalSection(SolutionProperties) = preSolution
		HideSolutionNode = FALSE
	EndGlobalSection
	GlobalSection(ExtensibilityGlobals) = postSolution
		SolutionGuid = {E3A60A0C-A13F-4B7F-8B47-17591AA17359}
	EndGlobalSection
EndGlobal
